
Microsoft Visual Studio Solution File, Format Version 12.00
Project("{FAE04EC0-301F-11D3-BF4B-00C04F79EFBC}") = "ShipsPort", "ShipsPort\ShipsPort.csproj", "{E27B246F-FD15-4A23-875E-70561DB941FF}"
EndProject
Global
	GlobalSection(SolutionConfigurationPlatforms) = preSolution
		Debug|Any CPU = Debug|Any CPU
		Release|Any CPU = Release|Any CPU
	EndGlobalSection
	GlobalSection(ProjectConfigurationPlatforms) = postSolution
		{E27B246F-FD15-4A23-875E-70561DB941FF}.Debug|Any CPU.ActiveCfg = Debug|Any CPU
		{E27B246F-FD15-4A23-875E-70561DB941FF}.Debug|Any CPU.Build.0 = Debug|Any CPU
		{E27B246F-FD15-4A23-875E-70561DB941FF}.Release|Any CPU.ActiveCfg = Release|Any CPU
		{E27B246F-FD15-4A23-875E-70561DB941FF}.Release|Any CPU.Build.0 = Release|Any CPU
	EndGlobalSection
EndGlobal
